
Microsoft Visual Studio Solution File, Format Version 12.00
# Visual Studio 15
VisualStudioVersion = 15.0.26009.0
MinimumVisualStudioVersion = 10.0.40219.1
Project("{FAE04EC0-301F-11D3-BF4B-00C04F79EFBC}") = "AutomaticCalculationParameters", "AutomaticCalculationParameters\AutomaticCalculationParameters.csproj", "{22FD87A3-5F23-466E-B5A0-992AC8A618D6}"
EndProject
Project("{FAE04EC0-301F-11D3-BF4B-00C04F79EFBC}") = "Expansion", "Expansion\Expansion.csproj", "{791225FD-DAD9-4BFE-9AF5-5174A0262CC8}"
EndProject
Project("{FAE04EC0-301F-11D3-BF4B-00C04F79EFBC}") = "ListEquipment", "ListEquipment\ListEquipment.csproj", "{7A5D3A7E-B0C5-485A-A41A-52894D2346A7}"
EndProject
Global
	GlobalSection(SolutionConfigurationPlatforms) = preSolution
		Debug|Any CPU = Debug|Any CPU
		Release|Any CPU = Release|Any CPU
	EndGlobalSection
	GlobalSection(ProjectConfigurationPlatforms) = postSolution
		{22FD87A3-5F23-466E-B5A0-992AC8A618D6}.Debug|Any CPU.ActiveCfg = Debug|Any CPU
		{22FD87A3-5F23-466E-B5A0-992AC8A618D6}.Debug|Any CPU.Build.0 = Debug|Any CPU
		{22FD87A3-5F23-466E-B5A0-992AC8A618D6}.Release|Any CPU.ActiveCfg = Release|Any CPU
		{22FD87A3-5F23-466E-B5A0-992AC8A618D6}.Release|Any CPU.Build.0 = Release|Any CPU
		{791225FD-DAD9-4BFE-9AF5-5174A0262CC8}.Debug|Any CPU.ActiveCfg = Debug|Any CPU
		{791225FD-DAD9-4BFE-9AF5-5174A0262CC8}.Debug|Any CPU.Build.0 = Debug|Any CPU
		{791225FD-DAD9-4BFE-9AF5-5174A0262CC8}.Release|Any CPU.ActiveCfg = Release|Any CPU
		{791225FD-DAD9-4BFE-9AF5-5174A0262CC8}.Release|Any CPU.Build.0 = Release|Any CPU
		{7A5D3A7E-B0C5-485A-A41A-52894D2346A7}.Debug|Any CPU.ActiveCfg = Debug|Any CPU
		{7A5D3A7E-B0C5-485A-A41A-52894D2346A7}.Debug|Any CPU.Build.0 = Debug|Any CPU
		{7A5D3A7E-B0C5-485A-A41A-52894D2346A7}.Release|Any CPU.ActiveCfg = Release|Any CPU
		{7A5D3A7E-B0C5-485A-A41A-52894D2346A7}.Release|Any CPU.Build.0 = Release|Any CPU
	EndGlobalSection
	GlobalSection(SolutionProperties) = preSolution
		HideSolutionNode = FALSE
	EndGlobalSection
EndGlobal
